// !$*UTF8*$!
{
	archiveVersion = 1;
	classes = {
	};
	objectVersion = 77;
	objects = {

/* Begin PBXBuildFile section */
		01EDADDC66D7B43E63815FE4 /* BNKKit in Frameworks */ = {isa = PBXBuildFile; productRef = C7092A71B2EB03857AF3238E /* BNKKit */; };
/* End PBXBuildFile section */

/* Begin PBXFileReference section */
		C5BA2F1BDDF9000888BF07C4 /* bnkscope Field.app */ = {isa = PBXFileReference; explicitFileType = wrapper.application; includeInIndex = 0; path = "bnkscope Field.app"; sourceTree = BUILT_PRODUCTS_DIR; };
		D625CB004B964F5D288C7996 /* BNKScopeFieldUITests.xctest */ = {isa = PBXFileReference; explicitFileType = wrapper.cfbundle; includeInIndex = 0; path = BNKScopeFieldUITests.xctest; sourceTree = BUILT_PRODUCTS_DIR; };
/* End PBXFileReference section */

/* Begin PBXFileSystemSynchronizedRootGroup section */
		98962CA057DBE5A307FD940A /* BNKScopeField */ = {
			isa = PBXFileSystemSynchronizedRootGroup;
			path = BNKScopeField;
			sourceTree = "<group>";
		};
		0D62319AE837A17BAF65F083 /* BNKScopeFieldUITests */ = {
			isa = PBXFileSystemSynchronizedRootGroup;
			path = BNKScopeFieldUITests;
			sourceTree = "<group>";
		};
/* End PBXFileSystemSynchronizedRootGroup section */

/* Begin PBXFrameworksBuildPhase section */
		7561BFB015D8F536760CB671 = {
			isa = PBXFrameworksBuildPhase;
			buildActionMask = 2147483647;
			files = (
				01EDADDC66D7B43E63815FE4 /* BNKKit in Frameworks */,
			);
			runOnlyForDeploymentPostprocessing = 0;
		};
/* End PBXFrameworksBuildPhase section */

/* Begin PBXGroup section */
		325F10A6957A34D66CB8C0E4 = {
			isa = PBXGroup;
			children = (
				98962CA057DBE5A307FD940A /* BNKScopeField */,
				0D62319AE837A17BAF65F083 /* BNKScopeFieldUITests */,
				BFE00B156DCFC34C4751A6E5 /* Products */,
			);
			sourceTree = "<group>";
		};
		BFE00B156DCFC34C4751A6E5 /* Products */ = {
			isa = PBXGroup;
			children = (
				C5BA2F1BDDF9000888BF07C4 /* bnkscope Field.app */,
				D625CB004B964F5D288C7996 /* BNKScopeFieldUITests.xctest */,
			);
			name = Products;
			sourceTree = "<group>";
		};
/* End PBXGroup section */

/* Begin PBXNativeTarget section */
		0E8A3AD980EC179856012B7E /* BNKScopeField */ = {
			isa = PBXNativeTarget;
			buildConfigurationList = 7D6FD5968245D38AAFD570B5;
			buildPhases = (
				BCE16DD0260827ECF338C787,
				7561BFB015D8F536760CB671,
				0189424A5A60FED329FA868E,
			);
			buildRules = ();
			dependencies = ();
			fileSystemSynchronizedGroups = (
				98962CA057DBE5A307FD940A /* BNKScopeField */,
			);
			name = BNKScopeField;
			packageProductDependencies = (
				C7092A71B2EB03857AF3238E /* BNKKit */,
			);
			productName = BNKScopeField;
			productReference = C5BA2F1BDDF9000888BF07C4 /* bnkscope Field.app */;
			productType = "com.apple.product-type.application";
		};
		69E35C04D2412085B9A2E051 /* BNKScopeFieldUITests */ = {
			isa = PBXNativeTarget;
			buildConfigurationList = C62FF30A1A76566561931696;
			buildPhases = (
				A6B359E8F531184B98E81F52,
			);
			buildRules = ();
			dependencies = (
				A5E68FBC4611A0CC26FB16A9,
			);
			fileSystemSynchronizedGroups = (
				0D62319AE837A17BAF65F083 /* BNKScopeFieldUITests */,
			);
			name = BNKScopeFieldUITests;
			productName = BNKScopeFieldUITests;
			productReference = D625CB004B964F5D288C7996 /* BNKScopeFieldUITests.xctest */;
			productType = "com.apple.product-type.bundle.ui-testing";
		};
/* End PBXNativeTarget section */

/* Begin PBXContainerItemProxy section */
		9C9A8BF70AE671D1171429F8 = {
			isa = PBXContainerItemProxy;
			containerPortal = 98F54143AB4E86B28C3AFEE0 /* Project object */;
			proxyType = 1;
			remoteGlobalIDString = 0E8A3AD980EC179856012B7E;
			remoteInfo = BNKScopeField;
		};
/* End PBXContainerItemProxy section */

/* Begin PBXTargetDependency section */
		A5E68FBC4611A0CC26FB16A9 = {
			isa = PBXTargetDependency;
			target = 0E8A3AD980EC179856012B7E /* BNKScopeField */;
			targetProxy = 9C9A8BF70AE671D1171429F8;
		};
/* End PBXTargetDependency section */

/* Begin PBXProject section */
		98F54143AB4E86B28C3AFEE0 /* Project object */ = {
			isa = PBXProject;
			attributes = {
				BuildIndependentTargetsInParallel = 1;
				LastSwiftUpdateCheck = 2660;
				LastUpgradeCheck = 2660;
			};
			buildConfigurationList = C5A8B79996CDCB687FCFCBE6;
			developmentRegion = en;
			hasScannedForEncodings = 0;
			knownRegions = (
				en,
				Base,
			);
			mainGroup = 325F10A6957A34D66CB8C0E4;
			minimizedProjectReferenceProxies = 1;
			packageReferences = (
				61B2F12C628D591DF2311512 /* XCLocalSwiftPackageReference ".." */,
			);
			preferredProjectObjectVersion = 77;
			productRefGroup = BFE00B156DCFC34C4751A6E5 /* Products */;
			projectDirPath = "";
			projectRoot = "";
			targets = (
				0E8A3AD980EC179856012B7E /* BNKScopeField */,
				69E35C04D2412085B9A2E051 /* BNKScopeFieldUITests */,
			);
		};
/* End PBXProject section */

/* Begin PBXResourcesBuildPhase section */
		0189424A5A60FED329FA868E = {
			isa = PBXResourcesBuildPhase;
			buildActionMask = 2147483647;
			files = ();
			runOnlyForDeploymentPostprocessing = 0;
		};
/* End PBXResourcesBuildPhase section */

/* Begin PBXSourcesBuildPhase section */
		BCE16DD0260827ECF338C787 = {
			isa = PBXSourcesBuildPhase;
			buildActionMask = 2147483647;
			files = ();
			runOnlyForDeploymentPostprocessing = 0;
		};
		A6B359E8F531184B98E81F52 = {
			isa = PBXSourcesBuildPhase;
			buildActionMask = 2147483647;
			files = ();
			runOnlyForDeploymentPostprocessing = 0;
		};
/* End PBXSourcesBuildPhase section */

/* Begin XCBuildConfiguration section */
		B1DA092CD0334D786A2C8B74 /* Debug */ = {
			isa = XCBuildConfiguration;
			buildSettings = {
				CLANG_ENABLE_OBJC_WEAK = YES;
				ENABLE_STRICT_OBJC_MSGSEND = YES;
				GCC_NO_COMMON_BLOCKS = YES;
				IPHONEOS_DEPLOYMENT_TARGET = 27.0;
				ONLY_ACTIVE_ARCH = YES;
				SDKROOT = auto;
				SWIFT_ACTIVE_COMPILATION_CONDITIONS = "DEBUG $(inherited)";
				SWIFT_OPTIMIZATION_LEVEL = "-Onone";
				SWIFT_VERSION = 6.0;
			};
			name = Debug;
		};
		53755764522B96494FF65D07 /* Release */ = {
			isa = XCBuildConfiguration;
			buildSettings = {
				CLANG_ENABLE_OBJC_WEAK = YES;
				ENABLE_STRICT_OBJC_MSGSEND = YES;
				GCC_NO_COMMON_BLOCKS = YES;
				IPHONEOS_DEPLOYMENT_TARGET = 27.0;
				SDKROOT = auto;
				SWIFT_COMPILATION_MODE = wholemodule;
				SWIFT_VERSION = 6.0;
				VALIDATE_PRODUCT = YES;
			};
			name = Release;
		};
		5EFE6D0A9526FE7701CFA3FC /* Debug */ = {
			isa = XCBuildConfiguration;
			buildSettings = {
				ASSETCATALOG_COMPILER_APPICON_NAME = AppIcon;
				ASSETCATALOG_COMPILER_GLOBAL_ACCENT_COLOR_NAME = AccentColor;
				CODE_SIGN_STYLE = Automatic;
				CURRENT_PROJECT_VERSION = 1;
				DEVELOPMENT_TEAM = HGECWA98QL;
				ENABLE_PREVIEWS = YES;
				GENERATE_INFOPLIST_FILE = YES;
				INFOPLIST_KEY_CFBundleDisplayName = "bnkscope Field";
				INFOPLIST_KEY_NSLocalNetworkUsageDescription = "bnkscope Field connects to the Kubernetes API servers named in your kubeconfigs, which are usually on your own lab or management network.";
				INFOPLIST_KEY_UIApplicationSceneManifest_Generation = YES;
				INFOPLIST_KEY_UILaunchScreen_Generation = YES;
				INFOPLIST_KEY_UIStatusBarStyle = UIStatusBarStyleLightContent;
				INFOPLIST_KEY_UISupportedInterfaceOrientations_iPad = "UIInterfaceOrientationPortrait UIInterfaceOrientationPortraitUpsideDown UIInterfaceOrientationLandscapeLeft UIInterfaceOrientationLandscapeRight";
				INFOPLIST_KEY_UIUserInterfaceStyle = Dark;
				MARKETING_VERSION = 0.1.0;
				PRODUCT_BUNDLE_IDENTIFIER = com.mwiget.bnkscope.field;
				PRODUCT_NAME = "bnkscope Field";
				SUPPORTED_PLATFORMS = "iphoneos iphonesimulator macosx";
				MACOSX_DEPLOYMENT_TARGET = 15.0;
				SWIFT_EMIT_LOC_STRINGS = YES;
				TARGETED_DEVICE_FAMILY = 2;
			};
			name = Debug;
		};
		DBD8C4BBA396ED346071B078 /* Release */ = {
			isa = XCBuildConfiguration;
			buildSettings = {
				ASSETCATALOG_COMPILER_APPICON_NAME = AppIcon;
				ASSETCATALOG_COMPILER_GLOBAL_ACCENT_COLOR_NAME = AccentColor;
				CODE_SIGN_STYLE = Automatic;
				CURRENT_PROJECT_VERSION = 1;
				DEVELOPMENT_TEAM = HGECWA98QL;
				ENABLE_PREVIEWS = YES;
				GENERATE_INFOPLIST_FILE = YES;
				INFOPLIST_KEY_CFBundleDisplayName = "bnkscope Field";
				INFOPLIST_KEY_NSLocalNetworkUsageDescription = "bnkscope Field connects to the Kubernetes API servers named in your kubeconfigs, which are usually on your own lab or management network.";
				INFOPLIST_KEY_UIApplicationSceneManifest_Generation = YES;
				INFOPLIST_KEY_UILaunchScreen_Generation = YES;
				INFOPLIST_KEY_UIStatusBarStyle = UIStatusBarStyleLightContent;
				INFOPLIST_KEY_UISupportedInterfaceOrientations_iPad = "UIInterfaceOrientationPortrait UIInterfaceOrientationPortraitUpsideDown UIInterfaceOrientationLandscapeLeft UIInterfaceOrientationLandscapeRight";
				INFOPLIST_KEY_UIUserInterfaceStyle = Dark;
				MARKETING_VERSION = 0.1.0;
				PRODUCT_BUNDLE_IDENTIFIER = com.mwiget.bnkscope.field;
				PRODUCT_NAME = "bnkscope Field";
				SUPPORTED_PLATFORMS = "iphoneos iphonesimulator macosx";
				MACOSX_DEPLOYMENT_TARGET = 15.0;
				SWIFT_EMIT_LOC_STRINGS = YES;
				TARGETED_DEVICE_FAMILY = 2;
			};
			name = Release;
		};
		DB840D5F555A067F92027526 /* Debug */ = {
			isa = XCBuildConfiguration;
			buildSettings = {
				CODE_SIGN_STYLE = Automatic;
				DEVELOPMENT_TEAM = HGECWA98QL;
				GENERATE_INFOPLIST_FILE = YES;
				PRODUCT_BUNDLE_IDENTIFIER = com.mwiget.bnkscope.field.uitests;
				PRODUCT_NAME = "$(TARGET_NAME)";
				SWIFT_EMIT_LOC_STRINGS = NO;
				TARGETED_DEVICE_FAMILY = 2;
				TEST_TARGET_NAME = BNKScopeField;
			};
			name = Debug;
		};
		C5DC9F2980F7A44AF7608185 /* Release */ = {
			isa = XCBuildConfiguration;
			buildSettings = {
				CODE_SIGN_STYLE = Automatic;
				DEVELOPMENT_TEAM = HGECWA98QL;
				GENERATE_INFOPLIST_FILE = YES;
				PRODUCT_BUNDLE_IDENTIFIER = com.mwiget.bnkscope.field.uitests;
				PRODUCT_NAME = "$(TARGET_NAME)";
				SWIFT_EMIT_LOC_STRINGS = NO;
				TARGETED_DEVICE_FAMILY = 2;
				TEST_TARGET_NAME = BNKScopeField;
			};
			name = Release;
		};
/* End XCBuildConfiguration section */

/* Begin XCConfigurationList section */
		C5A8B79996CDCB687FCFCBE6 = {
			isa = XCConfigurationList;
			buildConfigurations = (
				B1DA092CD0334D786A2C8B74 /* Debug */,
				53755764522B96494FF65D07 /* Release */,
			);
			defaultConfigurationIsVisible = 0;
			defaultConfigurationName = Release;
		};
		7D6FD5968245D38AAFD570B5 = {
			isa = XCConfigurationList;
			buildConfigurations = (
				5EFE6D0A9526FE7701CFA3FC /* Debug */,
				DBD8C4BBA396ED346071B078 /* Release */,
			);
			defaultConfigurationIsVisible = 0;
			defaultConfigurationName = Release;
		};
		C62FF30A1A76566561931696 = {
			isa = XCConfigurationList;
			buildConfigurations = (
				DB840D5F555A067F92027526 /* Debug */,
				C5DC9F2980F7A44AF7608185 /* Release */,
			);
			defaultConfigurationIsVisible = 0;
			defaultConfigurationName = Release;
		};
/* End XCConfigurationList section */

/* Begin XCLocalSwiftPackageReference section */
		61B2F12C628D591DF2311512 /* XCLocalSwiftPackageReference ".." */ = {
			isa = XCLocalSwiftPackageReference;
			relativePath = ..;
		};
/* End XCLocalSwiftPackageReference section */

/* Begin XCSwiftPackageProductDependency section */
		C7092A71B2EB03857AF3238E /* BNKKit */ = {
			isa = XCSwiftPackageProductDependency;
			productName = BNKKit;
		};
/* End XCSwiftPackageProductDependency section */
	};
	rootObject = 98F54143AB4E86B28C3AFEE0 /* Project object */;
}
